
Microsoft Visual Studio Solution File, Format Version 12.00
# Visual Studio 15
VisualStudioVersion = 15.0.28307.1622
MinimumVisualStudioVersion = 10.0.40219.1
Project("{FAE04EC0-301F-11D3-BF4B-00C04F79EFBC}") = "Lotto", "Lotto\Lotto.csproj", "{BFBEF1D7-B378-42C3-9A6D-03306AA296D9}"
EndProject
Project("{FAE04EC0-301F-11D3-BF4B-00C04F79EFBC}") = "choinka", "choinka\choinka.csproj", "{4CD5DDB6-90B0-4C48-8F84-222A428275D3}"
EndProject
Global
	GlobalSection(SolutionConfigurationPlatforms) = preSolution
		Debug|Any CPU = Debug|Any CPU
		Release|Any CPU = Release|Any CPU
	EndGlobalSection
	GlobalSection(ProjectConfigurationPlatforms) = postSolution
		{BFBEF1D7-B378-42C3-9A6D-03306AA296D9}.Debug|Any CPU.ActiveCfg = Debug|Any CPU
		{BFBEF1D7-B378-42C3-9A6D-03306AA296D9}.Debug|Any CPU.Build.0 = Debug|Any CPU
		{BFBEF1D7-B378-42C3-9A6D-03306AA296D9}.Release|Any CPU.ActiveCfg = Release|Any CPU
		{BFBEF1D7-B378-42C3-9A6D-03306AA296D9}.Release|Any CPU.Build.0 = Release|Any CPU
		{4CD5DDB6-90B0-4C48-8F84-222A428275D3}.Debug|Any CPU.ActiveCfg = Debug|Any CPU
		{4CD5DDB6-90B0-4C48-8F84-222A428275D3}.Debug|Any CPU.Build.0 = Debug|Any CPU
		{4CD5DDB6-90B0-4C48-8F84-222A428275D3}.Release|Any CPU.ActiveCfg = Release|Any CPU
		{4CD5DDB6-90B0-4C48-8F84-222A428275D3}.Release|Any CPU.Build.0 = Release|Any CPU
	EndGlobalSection
	GlobalSection(SolutionProperties) = preSolution
		HideSolutionNode = FALSE
	EndGlobalSection
	GlobalSection(ExtensibilityGlobals) = postSolution
		SolutionGuid = {3371F16B-1031-4B2A-927E-346BD6024CC8}
	EndGlobalSection
EndGlobal
